{
  "name": "dota-patch",
  "version": "1.0.0",
  "lockfileVersion": 2,
  "requires": true,
  "packages": {
    "": {
      "name": "dota-patch",
      "version": "1.0.0",
      "license": "ISC",
      "dependencies": {
        "axios": "^0.25.0",
        "play-sound": "^1.1.5"
      }
    },
    "node_modules/axios": {
      "version": "0.25.0",
      "resolved": "https://registry.npmjs.org/axios/-/axios-0.25.0.tgz",
      "integrity": "sha512-cD8FOb0tRH3uuEe6+evtAbgJtfxr7ly3fQjYcMcuPlgkwVS9xboaVIpcDV+cYQe+yGykgwZCs1pzjntcGa6l5g==",
      "dependencies": {
        "follow-redirects": "^1.14.7"
      }
    },
    "node_modules/find-exec": {
      "version": "1.0.2",
      "resolved": "https://registry.npmjs.org/find-exec/-/find-exec-1.0.2.tgz",
      "integrity": "sha512-/cs763F5i7Nm/aG+hjBv2nJB/Bl2w0tnuZd5bbfcV+WYapn8T4ez3B87H6MgvsmdheDkitj/rHi557wvE+XylQ=="
    },
    "node_modules/follow-redirects": {
      "version": "1.14.7",
      "resolved": "https://registry.npmjs.org/follow-redirects/-/follow-redirects-1.14.7.tgz",
      "integrity": "sha512-+hbxoLbFMbRKDwohX8GkTataGqO6Jb7jGwpAlwgy2bIz25XtRm7KEzJM76R1WiNT5SwZkX4Y75SwBolkpmE7iQ==",
      "funding": [
        {
          "type": "individual",
          "url": "https://github.com/sponsors/RubenVerborgh"
        }
      ],
      "engines": {
        "node": ">=4.0"
      },
      "peerDependenciesMeta": {
        "debug": {
          "optional": true
        }
      }
    },
    "node_modules/play-sound": {
      "version": "1.1.5",
      "resolved": "https://registry.npmjs.org/play-sound/-/play-sound-1.1.5.tgz",
      "integrity": "sha512-gbdF1iLNyL5r9Ne9YwARGMkrvfR4EL9G1ZLtFPLkI2tQt0kkHw5CHM5E6Gl/lDuuk/Uj/O5Q29Bi08jMK4egbA==",
      "dependencies": {
        "find-exec": "1.0.2"
      }
    }
  },
  "dependencies": {
    "axios": {
      "version": "0.25.0",
      "resolved": "https://registry.npmjs.org/axios/-/axios-0.25.0.tgz",
      "integrity": "sha512-cD8FOb0tRH3uuEe6+evtAbgJtfxr7ly3fQjYcMcuPlgkwVS9xboaVIpcDV+cYQe+yGykgwZCs1pzjntcGa6l5g==",
      "requires": {
        "follow-redirects": "^1.14.7"
      }
    },
    "find-exec": {
      "version": "1.0.2",
      "resolved": "https://registry.npmjs.org/find-exec/-/find-exec-1.0.2.tgz",
      "integrity": "sha512-/cs763F5i7Nm/aG+hjBv2nJB/Bl2w0tnuZd5bbfcV+WYapn8T4ez3B87H6MgvsmdheDkitj/rHi557wvE+XylQ=="
    },
    "follow-redirects": {
      "version": "1.14.7",
      "resolved": "https://registry.npmjs.org/follow-redirects/-/follow-redirects-1.14.7.tgz",
      "integrity": "sha512-+hbxoLbFMbRKDwohX8GkTataGqO6Jb7jGwpAlwgy2bIz25XtRm7KEzJM76R1WiNT5SwZkX4Y75SwBolkpmE7iQ=="
    },
    "play-sound": {
      "version": "1.1.5",
      "resolved": "https://registry.npmjs.org/play-sound/-/play-sound-1.1.5.tgz",
      "integrity": "sha512-gbdF1iLNyL5r9Ne9YwARGMkrvfR4EL9G1ZLtFPLkI2tQt0kkHw5CHM5E6Gl/lDuuk/Uj/O5Q29Bi08jMK4egbA==",
      "requires": {
        "find-exec": "1.0.2"
      }
    }
  }
}
